
Microsoft Visual Studio Solution File, Format Version 12.00
# Visual Studio Version 16
VisualStudioVersion = 16.0.30611.23
MinimumVisualStudioVersion = 10.0.40219.1
Project("{8BC9CEB8-8B4A-11D0-8D11-00A0C91BC942}") = "Opencv_cpp_projects", "Opencv_cpp_projects.vcxproj", "{F11CFDA6-ADE9-48E6-8F50-0074C9F0AF2C}"
EndProject
Global
	GlobalSection(SolutionConfigurationPlatforms) = preSolution
		Debug|x64 = Debug|x64
		Debug|x86 = Debug|x86
		Release|x64 = Release|x64
		Release|x86 = Release|x86
	EndGlobalSection
	GlobalSection(ProjectConfigurationPlatforms) = postSolution
		{F11CFDA6-ADE9-48E6-8F50-0074C9F0AF2C}.Debug|x64.ActiveCfg = Debug|x64
		{F11CFDA6-ADE9-48E6-8F50-0074C9F0AF2C}.Debug|x64.Build.0 = Debug|x64
		{F11CFDA6-ADE9-48E6-8F50-0074C9F0AF2C}.Debug|x86.ActiveCfg = Debug|Win32
		{F11CFDA6-ADE9-48E6-8F50-0074C9F0AF2C}.Debug|x86.Build.0 = Debug|Win32
		{F11CFDA6-ADE9-48E6-8F50-0074C9F0AF2C}.Release|x64.ActiveCfg = Release|x64
		{F11CFDA6-ADE9-48E6-8F50-0074C9F0AF2C}.Release|x64.Build.0 = Release|x64
		{F11CFDA6-ADE9-48E6-8F50-0074C9F0AF2C}.Release|x86.ActiveCfg = Release|Win32
		{F11CFDA6-ADE9-48E6-8F50-0074C9F0AF2C}.Release|x86.Build.0 = Release|Win32
	EndGlobalSection
	GlobalSection(SolutionProperties) = preSolution
		HideSolutionNode = FALSE
	EndGlobalSection
	GlobalSection(ExtensibilityGlobals) = postSolution
		SolutionGuid = {1E987903-D8A1-4ED9-8B80-51F81FA9A4DD}
	EndGlobalSection
EndGlobal
